{
  "name": "js-ipfs-examples",
  "version": "1.0.0",
  "lockfileVersion": 2,
  "requires": true,
  "packages": {
    "": {
      "name": "js-ipfs-examples",
      "version": "1.0.0",
      "license": "MIT",
      "workspaces": [
        "examples/!(browser-nextjs)"
      ],
      "devDependencies": {
        "rimraf": "^3.0.2"
      }
    },
    "examples/browser-add-readable-stream": {
      "name": "example-browser-add-readable-stream",
      "version": "1.0.0",
      "extraneous": true,
      "license": "MIT",
      "dependencies": {
        "ipfs-core": "^0.14.0"
      },
      "devDependencies": {
        "@babel/core": "^7.14.8",
        "@playwright/test": "^1.12.3",
        "parcel": "^2.3.2",
        "playwright": "^1.12.3",
        "process": "^0.11.10",
        "rimraf": "^3.0.2",
        "test-util-ipfs-example": "^1.0.2",
        "util": "^0.12.4"
      }
    },
    "examples/browser-angular": {
      "name": "example-browser-angular",
      "version": "0.0.0",
      "extraneous": true,
      "dependencies": {
        "@angular/animations": "^13.2.0",
        "@angular/common": "^13.2.0",
        "@angular/compiler": "^13.2.0",
        "@angular/core": "^13.2.0",
        "@angular/forms": "^13.2.0",
        "@angular/platform-browser": "^13.2.0",
        "@angular/platform-browser-dynamic": "^13.2.0",
        "@angular/router": "^13.2.0",
        "global": "^4.4.0",
        "ipfs-core": "^0.14.0",
        "ipfs-core-types": "^0.10.0",
        "rxjs": "^7.5.2",
        "tslib": "^2.3.0",
        "zone.js": "~0.11.4"
      },
      "devDependencies": {
        "@angular-builders/custom-webpack": "^13.0.0",
        "@angular-devkit/build-angular": "^13.2.0",
        "@angular/cli": "^13.2.0",
        "@angular/compiler-cli": "^13.2.0",
        "@playwright/test": "^1.12.3",
        "@types/jasmine": "~3.10.2",
        "@types/node": "^16.6.2",
        "jasmine-core": "~4.0.0",
        "karma": "~6.3.0",
        "karma-chrome-launcher": "~3.1.0",
        "karma-coverage": "~2.1.0",
        "karma-jasmine": "~4.0.0",
        "karma-jasmine-html-reporter": "~1.7.0",
        "node-polyfill-webpack-plugin": "^1.1.4",
        "playwright": "^1.12.3",
        "rimraf": "^3.0.2",
        "test-util-ipfs-example": "^1.0.2",
        "typescript": "^4.5.5"
      }
    },
    "examples/browser-browserify": {
      "name": "example-browser-browserify",
      "version": "1.0.0",
      "extraneous": true,
      "license": "MIT",
      "dependencies": {
        "ipfs-core": "^0.14.0"
      },
      "devDependencies": {
        "@playwright/test": "^1.12.3",
        "browserify": "^17.0.0",
        "concat-stream": "^2.0.0",
        "copyfiles": "^2.4.1",
        "execa": "^6.0.0",
        "http-server": "^14.0.0",
        "playwright": "^1.12.3",
        "rimraf": "^3.0.2",
        "test-util-ipfs-example": "^1.0.2"
      }
    },
    "examples/browser-create-react-app": {
      "name": "example-browser-create-react-app",
      "version": "1.0.0",
      "extraneous": true,
      "license": "MIT",
      "dependencies": {
        "@testing-library/jest-dom": "^5.14.1",
        "@testing-library/react": "^12.1.2",
        "@testing-library/user-event": "^13.5.0",
        "dot-prop": "^7.1.1",
        "ipfs-core": "^0.14.0",
        "ipfs-css": "^1.3.0",
        "react": "^17.0.2",
        "react-dom": "^17.0.2",
        "react-scripts": "5.0.0",
        "tachyons": "^4.12.0",
        "web-vitals": "^2.1.2"
      },
      "devDependencies": {
        "@playwright/test": "^1.12.3",
        "playwright": "^1.12.3",
        "rimraf": "^3.0.2",
        "test-util-ipfs-example": "^1.0.2",
        "util": "^0.12.4"
      }
    },
    "examples/browser-exchange-files": {
      "name": "example-exchange-files-in-browser",
      "version": "1.0.0",
      "extraneous": true,
      "license": "MIT",
      "dependencies": {
        "ipfs-core": "^0.14.0",
        "it-all": "^1.0.4",
        "libp2p-websockets": "^0.16.1",
        "uint8arrays": "^3.0.0"
      },
      "devDependencies": {
        "@babel/core": "^7.14.8",
        "@playwright/test": "^1.12.3",
        "ipfs": "^0.62.0",
        "ipfs-core-types": "^0.10.0",
        "ipfs-http-client": "^56.0.0",
        "libp2p-webrtc-star-signalling-server": "^0.1.0",
        "parcel": "^2.3.2",
        "playwright": "^1.12.3",
        "process": "^0.11.10",
        "rimraf": "^3.0.2",
        "test-util-ipfs-example": "^1.0.2",
        "util": "^0.12.4"
      }
    },
    "examples/browser-ipns-publish": {
      "name": "example-browser-ipns-publish",
      "version": "1.0.0",
      "extraneous": true,
      "license": "MIT",
      "dependencies": {
        "ipfs-core": "^0.14.0",
        "ipfs-http-client": "^56.0.0",
        "ipfs-utils": "^9.0.2",
        "ipns": "^0.16.0",
        "it-last": "^1.0.4",
        "libp2p-websockets": "^0.16.1",
        "multiformats": "^9.4.7",
        "p-retry": "^4.2.0",
        "uint8arrays": "^3.0.0"
      },
      "devDependencies": {
        "@babel/core": "^7.14.8",
        "@playwright/test": "^1.12.3",
        "delay": "^5.0.0",
        "execa": "^6.0.0",
        "go-ipfs": "^0.11.0",
        "ipfsd-ctl": "^10.0.3",
        "parcel": "^2.3.2",
        "playwright": "^1.12.3",
        "process": "^0.11.10",
        "rimraf": "^3.0.2",
        "test-util-ipfs-example": "^1.0.2",
        "util": "^0.12.4"
      }
    },
    "examples/browser-lit": {
      "name": "example-browser-lit",
      "version": "1.0.0",
      "extraneous": true,
      "license": "MIT",
      "dependencies": {
        "ipfs-core": "^0.14.0",
        "ipfs-css": "^1.3.0",
        "lit": "^2.0.2",
        "tachyons": "^4.12.0"
      },
      "devDependencies": {
        "@babel/core": "^7.14.8",
        "@playwright/test": "^1.12.3",
        "parcel": "^2.3.2",
        "playwright": "^1.12.3",
        "process": "^0.11.10",
        "rimraf": "^3.0.2",
        "test-util-ipfs-example": "^1.0.2",
        "util": "^0.12.4"
      }
    },
    "examples/browser-mfs": {
      "name": "example-browser-mfs",
      "version": "1.0.0",
      "extraneous": true,
      "license": "ISC",
      "dependencies": {
        "ipfs-core": "^0.14.0",
        "mime-sniffer": "~0.0.3"
      },
      "devDependencies": {
        "@babel/core": "^7.14.8",
        "@playwright/test": "^1.12.3",
        "parcel": "^2.3.2",
        "playwright": "^1.12.3",
        "process": "^0.11.10",
        "rimraf": "^3.0.2",
        "test-util-ipfs-example": "^1.0.2",
        "util": "^0.12.4"
      }
    },
    "examples/browser-parceljs": {
      "name": "example-browser-parceljs",
      "version": "1.0.0",
      "extraneous": true,
      "license": "ISC",
      "dependencies": {
        "ipfs-core": "^0.14.0"
      },
      "devDependencies": {
        "@babel/core": "^7.14.8",
        "@playwright/test": "^1.12.3",
        "parcel": "^2.3.2",
        "playwright": "^1.12.3",
        "process": "^0.11.10",
        "rimraf": "^3.0.2",
        "test-util-ipfs-example": "^1.0.2",
        "util": "^0.12.4"
      }
    },
    "examples/browser-readablestream": {
      "name": "example-browser-readablestream",
      "version": "1.0.0",
      "extraneous": true,
      "license": "ISC",
      "dependencies": {
        "ipfs-core": "^0.14.0",
        "it-to-stream": "^1.0.0",
        "videostream": "^3.2.0"
      },
      "devDependencies": {
        "@babel/core": "^7.14.8",
        "@playwright/test": "^1.12.3",
        "events": "^3.3.0",
        "parcel": "^2.3.2",
        "playwright": "^1.12.3",
        "process": "^0.11.10",
        "rimraf": "^3.0.2",
        "test-util-ipfs-example": "^1.0.2",
        "util": "^0.12.4"
      }
    },
    "examples/browser-script-tag": {
      "name": "example-browser-script-tag",
      "version": "1.0.0",
      "extraneous": true,
      "license": "MIT",
      "devDependencies": {
        "@babel/core": "^7.14.8",
        "@playwright/test": "^1.12.3",
        "parcel": "^2.3.2",
        "playwright": "^1.12.3",
        "process": "^0.11.10",
        "rimraf": "^3.0.2",
        "test-util-ipfs-example": "^1.0.2",
        "util": "^0.12.4"
      }
    },
    "examples/browser-service-worker": {
      "name": "example-browser-service-worker",
      "version": "1.0.0",
      "extraneous": true,
      "license": "MIT",
      "dependencies": {
        "ipfs-core": "^0.14.0",
        "ipfs-message-port-client": "^0.11.0",
        "ipfs-message-port-protocol": "^0.11.0",
        "ipfs-message-port-server": "^0.11.0"
      },
      "devDependencies": {
        "@babel/core": "^7.13.10",
        "@babel/preset-env": "^7.13.12",
        "@playwright/test": "^1.12.3",
        "babel-loader": "^8.2.3",
        "copy-webpack-plugin": "^10.0.0",
        "css-loader": "^6.2.0",
        "html-webpack-plugin": "^5.3.2",
        "node-polyfill-webpack-plugin": "^1.0.4",
        "playwright": "^1.12.3",
        "rimraf": "^3.0.2",
        "stream-browserify": "^3.0.0",
        "style-loader": "^3.1.0",
        "test-util-ipfs-example": "^1.0.2",
        "webpack": "^5.45.1",
        "webpack-cli": "^4.7.2",
        "webpack-dev-server": "^4.6.0",
        "webpack-merge": "^5.8.0"
      }
    },
    "examples/browser-sharing-node-across-tabs": {
      "name": "example-browser-sharing-node-across-tabs",
      "version": "1.0.0",
      "extraneous": true,
      "license": "MIT",
      "dependencies": {
        "ipfs-core": "^0.14.0",
        "ipfs-message-port-client": "^0.11.0",
        "ipfs-message-port-server": "^0.11.0"
      },
      "devDependencies": {
        "@babel/core": "^7.14.8",
        "@playwright/test": "^1.12.3",
        "parcel": "^2.3.2",
        "playwright": "^1.12.3",
        "process": "^0.11.10",
        "rimraf": "^3.0.2",
        "test-util-ipfs-example": "^1.0.2",
        "util": "^0.12.4"
      }
    },
    "examples/browser-video-streaming": {
      "name": "example-browser-video-streaming",
      "version": "1.0.0",
      "extraneous": true,
      "license": "MIT",
      "dependencies": {
        "hls.js": "^0.14.17",
        "hlsjs-ipfs-loader": "^0.3.0",
        "ipfs-core": "^0.14.0"
      },
      "devDependencies": {
        "@babel/core": "^7.14.8",
        "@playwright/test": "^1.12.3",
        "parcel": "^2.3.2",
        "playwright": "^1.12.3",
        "process": "^0.11.10",
        "rimraf": "^3.0.2",
        "test-util-ipfs-example": "^1.0.2",
        "util": "^0.12.4"
      }
    },
    "examples/browser-vue": {
      "name": "example-browser-vue-3",
      "version": "1.0.0",
      "extraneous": true,
      "dependencies": {
        "core-js": "^3.8.3",
        "ipfs-core": "^0.14.0",
        "vue": "^3.0.4"
      },
      "devDependencies": {
        "@babel/core": "^7.12.16",
        "@babel/eslint-parser": "^7.12.16",
        "@playwright/test": "^1.12.3",
        "@vue/cli-plugin-babel": "~5.0.0-beta.3",
        "@vue/cli-plugin-eslint": "~5.0.0-beta.3",
        "@vue/cli-service": "~5.0.0-beta.3",
        "@vue/compiler-sfc": "^3.0.4",
        "eslint": "^8.7.0",
        "eslint-plugin-vue": "^8.2.0",
        "playwright": "^1.12.3",
        "rimraf": "^3.0.2",
        "test-util-ipfs-example": "^1.0.2",
        "util": "^0.12.4"
      }
    },
    "examples/browser-webpack": {
      "name": "example-browser-webpack",
      "version": "1.0.0",
      "extraneous": true,
      "license": "MIT",
      "dependencies": {
        "ipfs-core": "^0.14.0",
        "react": "^17.0.2",
        "react-dom": "^17.0.2"
      },
      "devDependencies": {
        "@babel/core": "^7.13.10",
        "@babel/preset-env": "^7.13.12",
        "@babel/preset-react": "^7.12.13",
        "@playwright/test": "^1.12.3",
        "babel-loader": "^8.2.3",
        "copy-webpack-plugin": "^10.0.0",
        "css-loader": "^6.2.0",
        "html-webpack-plugin": "^5.3.2",
        "node-polyfill-webpack-plugin": "^1.0.4",
        "playwright": "^1.12.3",
        "react-hot-loader": "^4.12.21",
        "rimraf": "^3.0.2",
        "style-loader": "^3.1.0",
        "test-util-ipfs-example": "^1.0.2",
        "webpack": "^5.45.1",
        "webpack-cli": "^4.7.2",
        "webpack-dev-server": "^4.6.0",
        "webpack-merge": "^5.8.0"
      }
    },
    "examples/circuit-relaying": {
      "name": "example-circuit-relaying",
      "version": "1.0.0",
      "extraneous": true,
      "license": "MIT",
      "dependencies": {
        "delay": "^5.0.0",
        "ipfs-core": "^0.14.0",
        "ipfs-css": "^1.3.0",
        "ipfs-pubsub-room": "^2.0.1",
        "libp2p-websockets": "^0.16.1",
        "uint8arrays": "^3.0.0"
      },
      "devDependencies": {
        "@babel/core": "^7.14.8",
        "@playwright/test": "^1.12.3",
        "events": "^3.3.0",
        "fs-extra": "^10.0.0",
        "ipfs-http-client": "^56.0.0",
        "parcel": "^2.3.2",
        "playwright": "^1.12.3",
        "process": "^0.11.10",
        "rimraf": "^3.0.2",
        "test-util-ipfs-example": "^1.0.2",
        "util": "^0.12.4"
      }
    },
    "examples/custom-ipfs-repo": {
      "name": "example-custom-ipfs-repo",
      "version": "1.0.0",
      "extraneous": true,
      "license": "MIT",
      "dependencies": {
        "@ipld/dag-cbor": "^7.0.0",
        "@ipld/dag-pb": "^2.1.3",
        "blockstore-datastore-adapter": "^2.0.3",
        "datastore-fs": "^7.0.0",
        "ipfs-core": "^0.14.0",
        "ipfs-repo": "^14.0.1",
        "it-all": "^1.0.4",
        "multiformats": "^9.4.1",
        "uint8arrays": "^3.0.0"
      },
      "devDependencies": {
        "test-util-ipfs-example": "^1.0.2"
      }
    },
    "examples/custom-ipld-formats": {
      "name": "example-custom-ipld-formats",
      "version": "1.0.0",
      "extraneous": true,
      "license": "MIT",
      "dependencies": {
        "dag-jose": "^1.0.0",
        "ipfs-core": "^0.14.0",
        "ipfs-daemon": "^0.12.0",
        "ipfs-http-client": "^56.0.0",
        "multiformats": "^9.4.1",
        "uint8arrays": "^3.0.0"
      },
      "devDependencies": {
        "test-util-ipfs-example": "^1.0.2"
      }
    },
    "examples/custom-libp2p": {
      "name": "example-custom-libp2p",
      "version": "1.0.0",
      "extraneous": true,
      "license": "MIT",
      "dependencies": {
        "@chainsafe/libp2p-noise": "^5.0.0",
        "ipfs-core": "^0.14.0",
        "libp2p": "^0.36.2",
        "libp2p-bootstrap": "^0.14.0",
        "libp2p-kad-dht": "^0.28.6",
        "libp2p-mdns": "^0.18.0",
        "libp2p-mplex": "^0.10.2",
        "libp2p-tcp": "^0.17.1",
        "uint8arrays": "^3.0.0"
      },
      "devDependencies": {
        "test-util-ipfs-example": "^1.0.2"
      }
    },
    "examples/http-client-browser-pubsub": {
      "name": "example-http-client-browser-pubsub-example",
      "version": "1.0.0",
      "extraneous": true,
      "license": "MIT",
      "dependencies": {
        "ipfs-http-client": "^56.0.0"
      },
      "devDependencies": {
        "@babel/core": "^7.14.8",
        "@playwright/test": "^1.12.3",
        "go-ipfs": "^0.11.0",
        "ipfs": "^0.62.0",
        "parcel": "^2.3.2",
        "playwright": "^1.12.3",
        "process": "^0.11.10",
        "rimraf": "^3.0.2",
        "test-util-ipfs-example": "^1.0.2",
        "util": "^0.12.4"
      }
    },
    "examples/http-client-bundle-webpack": {
      "name": "example-http-client-bundle-webpack",
      "version": "1.0.0",
      "extraneous": true,
      "license": "MIT",
      "dependencies": {
        "ipfs-http-client": "^56.0.0",
        "react": "^17.0.2",
        "react-dom": "^17.0.2"
      },
      "devDependencies": {
        "@babel/core": "^7.13.14",
        "@babel/preset-env": "^7.13.12",
        "@babel/preset-react": "^7.13.13",
        "@playwright/test": "^1.12.3",
        "babel-loader": "^8.2.3",
        "copy-webpack-plugin": "^10.0.0",
        "css-loader": "^6.2.0",
        "html-webpack-plugin": "^5.3.1",
        "ipfs": "^0.62.0",
        "node-polyfill-webpack-plugin": "^1.0.3",
        "playwright": "^1.12.3",
        "react-hot-loader": "^4.12.21",
        "rimraf": "^3.0.2",
        "style-loader": "^3.1.0",
        "test-util-ipfs-example": "^1.0.2",
        "webpack": "^5.28.0",
        "webpack-cli": "^4.5.0",
        "webpack-merge": "^5.8.0"
      }
    },
    "examples/http-client-name-api": {
      "name": "example-http-client-name-api",
      "version": "1.0.0",
      "extraneous": true,
      "license": "MIT",
      "dependencies": {
        "ipfs-http-client": "^56.0.0"
      },
      "devDependencies": {
        "@babel/core": "^7.14.8",
        "@playwright/test": "^1.12.3",
        "go-ipfs": "^0.11.0",
        "parcel": "^2.3.2",
        "playwright": "^1.12.3",
        "process": "^0.11.10",
        "rimraf": "^3.0.2",
        "test-util-ipfs-example": "^1.0.2",
        "util": "^0.12.4"
      }
    },
    "examples/http-client-upload-file": {
      "name": "example-http-client-upload-file",
      "version": "1.0.0",
      "extraneous": true,
      "license": "MIT",
      "dependencies": {
        "ipfs-http-client": "^56.0.0",
        "react": "^17.0.2",
        "react-dom": "^17.0.2"
      },
      "devDependencies": {
        "@babel/core": "^7.14.8",
        "@playwright/test": "^1.12.3",
        "ipfs": "^0.62.0",
        "parcel": "^2.3.2",
        "playwright": "^1.12.3",
        "process": "^0.11.10",
        "rimraf": "^3.0.2",
        "test-util-ipfs-example": "^1.0.2",
        "util": "^0.12.4"
      }
    },
    "examples/ipfs-101": {
      "name": "example-ipfs-101",
      "version": "1.0.0",
      "extraneous": true,
      "license": "MIT",
      "dependencies": {
        "ipfs-core": "^0.14.0",
        "it-all": "^1.0.4",
        "uint8arrays": "^3.0.0"
      },
      "devDependencies": {
        "test-util-ipfs-example": "^1.0.2"
      }
    },
    "examples/ipfs-client-add-files": {
      "name": "example-ipfs-client-add-files",
      "version": "1.0.0",
      "extraneous": true,
      "dependencies": {
        "ipfs-client": "^0.7.6"
      },
      "devDependencies": {
        "@babel/core": "^7.14.8",
        "@playwright/test": "^1.12.3",
        "ipfs": "^0.62.0",
        "parcel": "^2.3.2",
        "playwright": "^1.12.3",
        "process": "^0.11.10",
        "rimraf": "^3.0.2",
        "test-util-ipfs-example": "^1.0.2",
        "util": "^0.12.4"
      }
    },
    "examples/run-in-electron": {
      "name": "example-js-ipfs-in-electron",
      "version": "1.0.0",
      "extraneous": true,
      "license": "MIT",
      "dependencies": {
        "ipfs-core": "^0.14.0"
      },
      "devDependencies": {
        "electron": "^17.0.0",
        "electron-rebuild": "^3.1.1",
        "test-util-ipfs-example": "^1.0.2"
      }
    },
    "examples/running-multiple-nodes": {
      "name": "example-running-multiple-nodes",
      "version": "2.0.1",
      "extraneous": true,
      "license": "MIT",
      "dependencies": {
        "ipfs": "^0.62.0"
      },
      "devDependencies": {
        "nanoid": "^3.1.23",
        "test-util-ipfs-example": "^1.0.2"
      }
    },
    "examples/traverse-ipld-graphs": {
      "name": "example-traverse-ipld-graphs",
      "version": "2.0.1",
      "extraneous": true,
      "license": "MIT",
      "dependencies": {
        "@ipld/dag-pb": "^2.1.3",
        "ipfs-core": "^0.14.0",
        "ipld-ethereum": "^6.0.0",
        "ipld-format-to-blockcodec": "0.0.1",
        "ipld-git": "^0.6.1",
        "js-sha3": "^0.8.0",
        "multiformats": "^9.4.1"
      },
      "devDependencies": {
        "test-util-ipfs-example": "^1.0.2"
      }
    },
    "examples/types-use-ipfs-from-ts": {
      "name": "example-types-use-ipfs-from-ts",
      "version": "1.0.0",
      "extraneous": true,
      "dependencies": {
        "ipfs-core": "^0.14.0"
      },
      "devDependencies": {
        "typescript": "^4.5.5"
      }
    },
    "examples/types-use-ipfs-from-typed-js": {
      "name": "example-types-use-ipfs-from-typed-js",
      "version": "1.0.0",
      "extraneous": true,
      "dependencies": {
        "ipfs-core": "^0.14.0"
      },
      "devDependencies": {
        "typescript": "^4.5.5"
      }
    },
    "node_modules/balanced-match": {
      "version": "1.0.2",
      "resolved": "https://registry.npmjs.org/balanced-match/-/balanced-match-1.0.2.tgz",
      "integrity": "sha512-3oSeUO0TMV67hN1AmbXsK4yaqU7tjiHlbxRDZOpH0KW9+CeX4bRAaX0Anxt0tx2MrpRpWwQaPwIlISEJhYU5Pw==",
      "dev": true
    },
    "node_modules/brace-expansion": {
      "version": "1.1.11",
      "resolved": "https://registry.npmjs.org/brace-expansion/-/brace-expansion-1.1.11.tgz",
      "integrity": "sha512-iCuPHDFgrHX7H2vEI/5xpz07zSHB00TpugqhmYtVmMO6518mCuRMoOYFldEBl0g187ufozdaHgWKcYFb61qGiA==",
      "dev": true,
      "dependencies": {
        "balanced-match": "^1.0.0",
        "concat-map": "0.0.1"
      }
    },
    "node_modules/concat-map": {
      "version": "0.0.1",
      "resolved": "https://registry.npmjs.org/concat-map/-/concat-map-0.0.1.tgz",
      "integrity": "sha1-2Klr13/Wjfd5OnMDajug1UBdR3s=",
      "dev": true
    },
    "node_modules/fs.realpath": {
      "version": "1.0.0",
      "resolved": "https://registry.npmjs.org/fs.realpath/-/fs.realpath-1.0.0.tgz",
      "integrity": "sha1-FQStJSMVjKpA20onh8sBQRmU6k8=",
      "dev": true
    },
    "node_modules/glob": {
      "version": "7.2.0",
      "resolved": "https://registry.npmjs.org/glob/-/glob-7.2.0.tgz",
      "integrity": "sha512-lmLf6gtyrPq8tTjSmrO94wBeQbFR3HbLHbuyD69wuyQkImp2hWqMGB47OX65FBkPffO641IP9jWa1z4ivqG26Q==",
      "dev": true,
      "dependencies": {
        "fs.realpath": "^1.0.0",
        "inflight": "^1.0.4",
        "inherits": "2",
        "minimatch": "^3.0.4",
        "once": "^1.3.0",
        "path-is-absolute": "^1.0.0"
      },
      "engines": {
        "node": "*"
      },
      "funding": {
        "url": "https://github.com/sponsors/isaacs"
      }
    },
    "node_modules/inflight": {
      "version": "1.0.6",
      "resolved": "https://registry.npmjs.org/inflight/-/inflight-1.0.6.tgz",
      "integrity": "sha1-Sb1jMdfQLQwJvJEKEHW6gWW1bfk=",
      "dev": true,
      "dependencies": {
        "once": "^1.3.0",
        "wrappy": "1"
      }
    },
    "node_modules/inherits": {
      "version": "2.0.4",
      "resolved": "https://registry.npmjs.org/inherits/-/inherits-2.0.4.tgz",
      "integrity": "sha512-k/vGaX4/Yla3WzyMCvTQOXYeIHvqOKtnqBduzTHpzpQZzAskKMhZ2K+EnBiSM9zGSoIFeMpXKxa4dYeZIQqewQ==",
      "dev": true
    },
    "node_modules/minimatch": {
      "version": "3.1.2",
      "resolved": "https://registry.npmjs.org/minimatch/-/minimatch-3.1.2.tgz",
      "integrity": "sha512-J7p63hRiAjw1NDEww1W7i37+ByIrOWO5XQQAzZ3VOcL0PNybwpfmV/N05zFAzwQ9USyEcX6t3UO+K5aqBQOIHw==",
      "dev": true,
      "dependencies": {
        "brace-expansion": "^1.1.7"
      },
      "engines": {
        "node": "*"
      }
    },
    "node_modules/once": {
      "version": "1.4.0",
      "resolved": "https://registry.npmjs.org/once/-/once-1.4.0.tgz",
      "integrity": "sha1-WDsap3WWHUsROsF9nFC6753Xa9E=",
      "dev": true,
      "dependencies": {
        "wrappy": "1"
      }
    },
    "node_modules/path-is-absolute": {
      "version": "1.0.1",
      "resolved": "https://registry.npmjs.org/path-is-absolute/-/path-is-absolute-1.0.1.tgz",
      "integrity": "sha1-F0uSaHNVNP+8es5r9TpanhtcX18=",
      "dev": true,
      "engines": {
        "node": ">=0.10.0"
      }
    },
    "node_modules/rimraf": {
      "version": "3.0.2",
      "resolved": "https://registry.npmjs.org/rimraf/-/rimraf-3.0.2.tgz",
      "integrity": "sha512-JZkJMZkAGFFPP2YqXZXPbMlMBgsxzE8ILs4lMIX/2o0L9UBw9O/Y3o6wFw/i9YLapcUJWwqbi3kdxIPdC62TIA==",
      "dev": true,
      "dependencies": {
        "glob": "^7.1.3"
      },
      "bin": {
        "rimraf": "bin.js"
      },
      "funding": {
        "url": "https://github.com/sponsors/isaacs"
      }
    },
    "node_modules/wrappy": {
      "version": "1.0.2",
      "resolved": "https://registry.npmjs.org/wrappy/-/wrappy-1.0.2.tgz",
      "integrity": "sha1-tSQ9jz7BqjXxNkYFvA0QNuMKtp8=",
      "dev": true
    }
  },
  "dependencies": {
    "balanced-match": {
      "version": "1.0.2",
      "resolved": "https://registry.npmjs.org/balanced-match/-/balanced-match-1.0.2.tgz",
      "integrity": "sha512-3oSeUO0TMV67hN1AmbXsK4yaqU7tjiHlbxRDZOpH0KW9+CeX4bRAaX0Anxt0tx2MrpRpWwQaPwIlISEJhYU5Pw==",
      "dev": true
    },
    "brace-expansion": {
      "version": "1.1.11",
      "resolved": "https://registry.npmjs.org/brace-expansion/-/brace-expansion-1.1.11.tgz",
      "integrity": "sha512-iCuPHDFgrHX7H2vEI/5xpz07zSHB00TpugqhmYtVmMO6518mCuRMoOYFldEBl0g187ufozdaHgWKcYFb61qGiA==",
      "dev": true,
      "requires": {
        "balanced-match": "^1.0.0",
        "concat-map": "0.0.1"
      }
    },
    "concat-map": {
      "version": "0.0.1",
      "resolved": "https://registry.npmjs.org/concat-map/-/concat-map-0.0.1.tgz",
      "integrity": "sha1-2Klr13/Wjfd5OnMDajug1UBdR3s=",
      "dev": true
    },
    "fs.realpath": {
      "version": "1.0.0",
      "resolved": "https://registry.npmjs.org/fs.realpath/-/fs.realpath-1.0.0.tgz",
      "integrity": "sha1-FQStJSMVjKpA20onh8sBQRmU6k8=",
      "dev": true
    },
    "glob": {
      "version": "7.2.0",
      "resolved": "https://registry.npmjs.org/glob/-/glob-7.2.0.tgz",
      "integrity": "sha512-lmLf6gtyrPq8tTjSmrO94wBeQbFR3HbLHbuyD69wuyQkImp2hWqMGB47OX65FBkPffO641IP9jWa1z4ivqG26Q==",
      "dev": true,
      "requires": {
        "fs.realpath": "^1.0.0",
        "inflight": "^1.0.4",
        "inherits": "2",
        "minimatch": "^3.0.4",
        "once": "^1.3.0",
        "path-is-absolute": "^1.0.0"
      }
    },
    "inflight": {
      "version": "1.0.6",
      "resolved": "https://registry.npmjs.org/inflight/-/inflight-1.0.6.tgz",
      "integrity": "sha1-Sb1jMdfQLQwJvJEKEHW6gWW1bfk=",
      "dev": true,
      "requires": {
        "once": "^1.3.0",
        "wrappy": "1"
      }
    },
    "inherits": {
      "version": "2.0.4",
      "resolved": "https://registry.npmjs.org/inherits/-/inherits-2.0.4.tgz",
      "integrity": "sha512-k/vGaX4/Yla3WzyMCvTQOXYeIHvqOKtnqBduzTHpzpQZzAskKMhZ2K+EnBiSM9zGSoIFeMpXKxa4dYeZIQqewQ==",
      "dev": true
    },
    "minimatch": {
      "version": "3.1.2",
      "resolved": "https://registry.npmjs.org/minimatch/-/minimatch-3.1.2.tgz",
      "integrity": "sha512-J7p63hRiAjw1NDEww1W7i37+ByIrOWO5XQQAzZ3VOcL0PNybwpfmV/N05zFAzwQ9USyEcX6t3UO+K5aqBQOIHw==",
      "dev": true,
      "requires": {
        "brace-expansion": "^1.1.7"
      }
    },
    "once": {
      "version": "1.4.0",
      "resolved": "https://registry.npmjs.org/once/-/once-1.4.0.tgz",
      "integrity": "sha1-WDsap3WWHUsROsF9nFC6753Xa9E=",
      "dev": true,
      "requires": {
        "wrappy": "1"
      }
    },
    "path-is-absolute": {
      "version": "1.0.1",
      "resolved": "https://registry.npmjs.org/path-is-absolute/-/path-is-absolute-1.0.1.tgz",
      "integrity": "sha1-F0uSaHNVNP+8es5r9TpanhtcX18=",
      "dev": true
    },
    "rimraf": {
      "version": "3.0.2",
      "resolved": "https://registry.npmjs.org/rimraf/-/rimraf-3.0.2.tgz",
      "integrity": "sha512-JZkJMZkAGFFPP2YqXZXPbMlMBgsxzE8ILs4lMIX/2o0L9UBw9O/Y3o6wFw/i9YLapcUJWwqbi3kdxIPdC62TIA==",
      "dev": true,
      "requires": {
        "glob": "^7.1.3"
      }
    },
    "wrappy": {
      "version": "1.0.2",
      "resolved": "https://registry.npmjs.org/wrappy/-/wrappy-1.0.2.tgz",
      "integrity": "sha1-tSQ9jz7BqjXxNkYFvA0QNuMKtp8=",
      "dev": true
    }
  }
}
